
Microsoft Visual Studio Solution File, Format Version 12.00
# Visual Studio 15
VisualStudioVersion = 15.0.26124.0
MinimumVisualStudioVersion = 15.0.26124.0
Project("{FAE04EC0-301F-11D3-BF4B-00C04F79EFBC}") = "EqualizeTheArray", "EqualizeTheArray\EqualizeTheArray.csproj", "{A7AB8DB7-C763-4F0F-9F68-EA2FCB900CBB}"
EndProject
Project("{FAE04EC0-301F-11D3-BF4B-00C04F79EFBC}") = "TwoDArrayDS", "TwoDArrayDS\TwoDArrayDS.csproj", "{F0C4509C-8A58-4556-B78E-5C527FD2B96C}"
EndProject
Project("{FAE04EC0-301F-11D3-BF4B-00C04F79EFBC}") = "ArraysLeftRotation", "ArraysLeftRotation\ArraysLeftRotation.csproj", "{D3F52FF4-7A57-495D-9145-2D7541C0FBD1}"
EndProject
Project("{FAE04EC0-301F-11D3-BF4B-00C04F79EFBC}") = "DynamicArray", "DynamicArray\DynamicArray.csproj", "{2559AE23-4742-44C7-AFFD-F8F418EBB431}"
EndProject
Project("{FAE04EC0-301F-11D3-BF4B-00C04F79EFBC}") = "SparseArrays", "SparseArrays\SparseArrays.csproj", "{1ED9A2EA-0E5B-460C-B037-DFA2B479AC43}"
EndProject
Global
	GlobalSection(SolutionConfigurationPlatforms) = preSolution
		Debug|Any CPU = Debug|Any CPU
		Debug|x64 = Debug|x64
		Debug|x86 = Debug|x86
		Release|Any CPU = Release|Any CPU
		Release|x64 = Release|x64
		Release|x86 = Release|x86
	EndGlobalSection
	GlobalSection(SolutionProperties) = preSolution
		HideSolutionNode = FALSE
	EndGlobalSection
	GlobalSection(ProjectConfigurationPlatforms) = postSolution
		{A7AB8DB7-C763-4F0F-9F68-EA2FCB900CBB}.Debug|Any CPU.ActiveCfg = Debug|Any CPU
		{A7AB8DB7-C763-4F0F-9F68-EA2FCB900CBB}.Debug|Any CPU.Build.0 = Debug|Any CPU
		{A7AB8DB7-C763-4F0F-9F68-EA2FCB900CBB}.Debug|x64.ActiveCfg = Debug|Any CPU
		{A7AB8DB7-C763-4F0F-9F68-EA2FCB900CBB}.Debug|x64.Build.0 = Debug|Any CPU
		{A7AB8DB7-C763-4F0F-9F68-EA2FCB900CBB}.Debug|x86.ActiveCfg = Debug|Any CPU
		{A7AB8DB7-C763-4F0F-9F68-EA2FCB900CBB}.Debug|x86.Build.0 = Debug|Any CPU
		{A7AB8DB7-C763-4F0F-9F68-EA2FCB900CBB}.Release|Any CPU.ActiveCfg = Release|Any CPU
		{A7AB8DB7-C763-4F0F-9F68-EA2FCB900CBB}.Release|Any CPU.Build.0 = Release|Any CPU
		{A7AB8DB7-C763-4F0F-9F68-EA2FCB900CBB}.Release|x64.ActiveCfg = Release|Any CPU
		{A7AB8DB7-C763-4F0F-9F68-EA2FCB900CBB}.Release|x64.Build.0 = Release|Any CPU
		{A7AB8DB7-C763-4F0F-9F68-EA2FCB900CBB}.Release|x86.ActiveCfg = Release|Any CPU
		{A7AB8DB7-C763-4F0F-9F68-EA2FCB900CBB}.Release|x86.Build.0 = Release|Any CPU
		{F0C4509C-8A58-4556-B78E-5C527FD2B96C}.Debug|Any CPU.ActiveCfg = Debug|Any CPU
		{F0C4509C-8A58-4556-B78E-5C527FD2B96C}.Debug|Any CPU.Build.0 = Debug|Any CPU
		{F0C4509C-8A58-4556-B78E-5C527FD2B96C}.Debug|x64.ActiveCfg = Debug|Any CPU
		{F0C4509C-8A58-4556-B78E-5C527FD2B96C}.Debug|x64.Build.0 = Debug|Any CPU
		{F0C4509C-8A58-4556-B78E-5C527FD2B96C}.Debug|x86.ActiveCfg = Debug|Any CPU
		{F0C4509C-8A58-4556-B78E-5C527FD2B96C}.Debug|x86.Build.0 = Debug|Any CPU
		{F0C4509C-8A58-4556-B78E-5C527FD2B96C}.Release|Any CPU.ActiveCfg = Release|Any CPU
		{F0C4509C-8A58-4556-B78E-5C527FD2B96C}.Release|Any CPU.Build.0 = Release|Any CPU
		{F0C4509C-8A58-4556-B78E-5C527FD2B96C}.Release|x64.ActiveCfg = Release|Any CPU
		{F0C4509C-8A58-4556-B78E-5C527FD2B96C}.Release|x64.Build.0 = Release|Any CPU
		{F0C4509C-8A58-4556-B78E-5C527FD2B96C}.Release|x86.ActiveCfg = Release|Any CPU
		{F0C4509C-8A58-4556-B78E-5C527FD2B96C}.Release|x86.Build.0 = Release|Any CPU
		{D3F52FF4-7A57-495D-9145-2D7541C0FBD1}.Debug|Any CPU.ActiveCfg = Debug|Any CPU
		{D3F52FF4-7A57-495D-9145-2D7541C0FBD1}.Debug|Any CPU.Build.0 = Debug|Any CPU
		{D3F52FF4-7A57-495D-9145-2D7541C0FBD1}.Debug|x64.ActiveCfg = Debug|Any CPU
		{D3F52FF4-7A57-495D-9145-2D7541C0FBD1}.Debug|x64.Build.0 = Debug|Any CPU
		{D3F52FF4-7A57-495D-9145-2D7541C0FBD1}.Debug|x86.ActiveCfg = Debug|Any CPU
		{D3F52FF4-7A57-495D-9145-2D7541C0FBD1}.Debug|x86.Build.0 = Debug|Any CPU
		{D3F52FF4-7A57-495D-9145-2D7541C0FBD1}.Release|Any CPU.ActiveCfg = Release|Any CPU
		{D3F52FF4-7A57-495D-9145-2D7541C0FBD1}.Release|Any CPU.Build.0 = Release|Any CPU
		{D3F52FF4-7A57-495D-9145-2D7541C0FBD1}.Release|x64.ActiveCfg = Release|Any CPU
		{D3F52FF4-7A57-495D-9145-2D7541C0FBD1}.Release|x64.Build.0 = Release|Any CPU
		{D3F52FF4-7A57-495D-9145-2D7541C0FBD1}.Release|x86.ActiveCfg = Release|Any CPU
		{D3F52FF4-7A57-495D-9145-2D7541C0FBD1}.Release|x86.Build.0 = Release|Any CPU
		{2559AE23-4742-44C7-AFFD-F8F418EBB431}.Debug|Any CPU.ActiveCfg = Debug|Any CPU
		{2559AE23-4742-44C7-AFFD-F8F418EBB431}.Debug|Any CPU.Build.0 = Debug|Any CPU
		{2559AE23-4742-44C7-AFFD-F8F418EBB431}.Debug|x64.ActiveCfg = Debug|Any CPU
		{2559AE23-4742-44C7-AFFD-F8F418EBB431}.Debug|x64.Build.0 = Debug|Any CPU
		{2559AE23-4742-44C7-AFFD-F8F418EBB431}.Debug|x86.ActiveCfg = Debug|Any CPU
		{2559AE23-4742-44C7-AFFD-F8F418EBB431}.Debug|x86.Build.0 = Debug|Any CPU
		{2559AE23-4742-44C7-AFFD-F8F418EBB431}.Release|Any CPU.ActiveCfg = Release|Any CPU
		{2559AE23-4742-44C7-AFFD-F8F418EBB431}.Release|Any CPU.Build.0 = Release|Any CPU
		{2559AE23-4742-44C7-AFFD-F8F418EBB431}.Release|x64.ActiveCfg = Release|Any CPU
		{2559AE23-4742-44C7-AFFD-F8F418EBB431}.Release|x64.Build.0 = Release|Any CPU
		{2559AE23-4742-44C7-AFFD-F8F418EBB431}.Release|x86.ActiveCfg = Release|Any CPU
		{2559AE23-4742-44C7-AFFD-F8F418EBB431}.Release|x86.Build.0 = Release|Any CPU
		{1ED9A2EA-0E5B-460C-B037-DFA2B479AC43}.Debug|Any CPU.ActiveCfg = Debug|Any CPU
		{1ED9A2EA-0E5B-460C-B037-DFA2B479AC43}.Debug|Any CPU.Build.0 = Debug|Any CPU
		{1ED9A2EA-0E5B-460C-B037-DFA2B479AC43}.Debug|x64.ActiveCfg = Debug|Any CPU
		{1ED9A2EA-0E5B-460C-B037-DFA2B479AC43}.Debug|x64.Build.0 = Debug|Any CPU
		{1ED9A2EA-0E5B-460C-B037-DFA2B479AC43}.Debug|x86.ActiveCfg = Debug|Any CPU
		{1ED9A2EA-0E5B-460C-B037-DFA2B479AC43}.Debug|x86.Build.0 = Debug|Any CPU
		{1ED9A2EA-0E5B-460C-B037-DFA2B479AC43}.Release|Any CPU.ActiveCfg = Release|Any CPU
		{1ED9A2EA-0E5B-460C-B037-DFA2B479AC43}.Release|Any CPU.Build.0 = Release|Any CPU
		{1ED9A2EA-0E5B-460C-B037-DFA2B479AC43}.Release|x64.ActiveCfg = Release|Any CPU
		{1ED9A2EA-0E5B-460C-B037-DFA2B479AC43}.Release|x64.Build.0 = Release|Any CPU
		{1ED9A2EA-0E5B-460C-B037-DFA2B479AC43}.Release|x86.ActiveCfg = Release|Any CPU
		{1ED9A2EA-0E5B-460C-B037-DFA2B479AC43}.Release|x86.Build.0 = Release|Any CPU
	EndGlobalSection
EndGlobal
